lockfileVersion: '9.0'

settings:
  autoInstallPeers: true
  excludeLinksFromLockfile: false

importers:

  .:
    dependencies:
      '@ggdna/dna-blog':
        specifier: ^0.1.1
        version: 0.1.1
      '@ggdna/dna-clean-code':
        specifier: ^0.1.1
        version: 0.1.1
      '@ggdna/dna-gg':
        specifier: ^0.7.0
        version: 0.7.0
      '@ggdna/dna-guides':
        specifier: ^0.1.1
        version: 0.1.1
      '@ggdna/dna-index':
        specifier: ^0.1.2
        version: 0.1.2
      '@ggdna/dna-install':
        specifier: ^0.1.2
        version: 0.1.2
      '@ggdna/dna-readme':
        specifier: ^0.1.1
        version: 0.1.1
      '@ggdna/dna-translate':
        specifier: ^0.1.1
        version: 0.1.1
    devDependencies:
      '@types/node':
        specifier: ^26.6.4
        version: 26.6.4
      prettier:
        specifier: ^3.9.9
        version: 3.9.9

packages:

  '@ggdna/dna-blog@0.1.1':
    resolution: {integrity: sha512-eYS8tKVga0XcUf/++gGaEzY50Atn+dKkSmCZtMbC52HMsilbwsM2fXYvAYfbTdrs0keOpZpcZ+tT1jsy7XTIjA==}
    engines: {node: '>=22'}

  '@ggdna/dna-clean-code@0.1.1':
    resolution: {integrity: sha512-LUqSuWgHf5syCSWeorl2wlbeRxLRC6H36r/fDgUkn18LOZhbtbLOUfEaiOHDkiUM7u/3zP8W2cggsX+DsJ3gCQ==}
    engines: {node: '>=22'}

  '@ggdna/dna-gg@0.7.0':
    resolution: {integrity: sha512-UvaZJe6dYLDQKNgXbhGx1wHa7kXgxW1Y48pkJ5VUQkYf7dVRBOZZgmgcz9acTxYo/W/FoEDYeaC0MJBg+00JUw==}
    engines: {node: '>=22'}

  '@ggdna/dna-github@0.0.2':
    resolution: {integrity: sha512-5hiwkiHtGz6k0SserDj3FcosGdcW3LWL34KmgDK33tP9k0E5jx8k+pLm19PJrt/qw8NpresDJP/8z5BuoLixvw==}
    engines: {node: '>=22'}

  '@ggdna/dna-guides@0.1.1':
    resolution: {integrity: sha512-23cfV9RDhviav81qJWsSNvFL9qHS7x1NjvOCF0mVuCiyBmJ3vKMe4RveJ3EJVNDfh9X09t1biW0vUirjkGDpdQ==}
    engines: {node: '>=22'}

  '@ggdna/dna-index@0.1.2':
    resolution: {integrity: sha512-uj7kWBhaicZqWzXRk9lXrWUdPjOg4ZMGk1FadzQfYm7ZbH3iwATJX41ukqpHLmLgDtPyYh+NjIGF8k3VNxmHxA==}
    engines: {node: '>=22'}

  '@ggdna/dna-install@0.1.2':
    resolution: {integrity: sha512-QsBtZiT95EE6+XLX+0Cm9GevBmljqiiXQBw4Ki0R5s5R6eWRM3eNUJhF5kaHms/mcvUjvo/TpHJwPevxt73UJw==}
    engines: {node: '>=22'}

  '@ggdna/dna-readme@0.1.1':
    resolution: {integrity: sha512-rlY1RqH2Y2v1mDaRifbJ86IX7EtOFHeB6oPRmt9oZXt3L01ir3u/A141jWXF6H6mPuTRQ/fVXi+tgT+2uEdf/w==}
    engines: {node: '>=22'}

  '@ggdna/dna-translate@0.1.1':
    resolution: {integrity: sha512-JmKp3vuxuu0QqhKJiKz1PtaDSoVg0BNfsfV7Pdr3S3KYJzEQh3I2ajqJUOxE2Nimyeyr3OHle04OXKL8YrOKjA==}
    engines: {node: '>=22'}

  '@types/node@26.6.4':
    resolution: {integrity: sha512-ldVPDCzj7fsaGZrLB0NuHuTvJcsNasysBAqMolr/cgxrLd1xbqxIr3XJiPnHHJUCxj5sNF1vnRj9aWnrVh5Jcg==}

  prettier@3.9.9:
    resolution: {integrity: sha512-Z/CJHIkdujO/OtN7nXUii0Rf3VT5SRuhjBA82Xvu2XhBUgX3nhP67T0LHceBdQLex7OOFGTox+Q5Yg8Jk2Qivg==}
    engines: {node: '>=14'}
    hasBin: true

  undici-types@8.9.0:
    resolution: {integrity: sha512-KTDyRTYX8sWmKXAikPHHSyc63CRPETMctyjKFupcC6OBLXT3xsN0e9aF7m+mIXutFWpUXuedtowG7iLOzp0kQg==}

snapshots:

  '@ggdna/dna-blog@0.1.1': {}

  '@ggdna/dna-clean-code@0.1.1': {}

  '@ggdna/dna-gg@0.7.0':
    dependencies:
      '@ggdna/dna-github': 0.0.2
      '@ggdna/dna-index': 0.1.2
      '@ggdna/dna-install': 0.1.2

  '@ggdna/dna-github@0.0.2': {}

  '@ggdna/dna-guides@0.1.1': {}

  '@ggdna/dna-index@0.1.2': {}

  '@ggdna/dna-install@0.1.2': {}

  '@ggdna/dna-readme@0.1.1': {}

  '@ggdna/dna-translate@0.1.1': {}

  '@types/node@26.6.4':
    dependencies:
      undici-types: 8.9.0

  prettier@3.9.9: {}

  undici-types@8.9.0: {}
